
Microsoft Visual Studio Solution File, Format Version 12.00
# Visual Studio Version 17
VisualStudioVersion = 17.14.36414.22
MinimumVisualStudioVersion = 10.0.40219.1
Project("{2150E333-8FDC-42A3-9474-1A3956D46DE8}") = "Task0V0", "Task0V0", "{02EA681E-C7D8-13C7-8484-4AC65E1B71E8}"
EndProject
Project("{FAE04EC0-301F-11D3-BF4B-00C04F79EFBC}") = "Tyuiu.GogolevVM.Sprint5.Task0.V0", "Tyuiu.GogolevVM.Sprint5.Task0.V0\Tyuiu.GogolevVM.Sprint5.Task0.V0.csproj", "{391B56BA-4FFC-44C8-BA7F-9A198017B5D5}"
EndProject
Project("{FAE04EC0-301F-11D3-BF4B-00C04F79EFBC}") = "Tyuiu.GogolevVM.Sprint5.Task0.V0.Lib", "Tyuiu.GogolevVM.Sprint5.Task0.V0.Lib\Tyuiu.GogolevVM.Sprint5.Task0.V0.Lib.csproj", "{8484C6E9-13F5-4604-9795-0233C56A6FEC}"
EndProject
Project("{FAE04EC0-301F-11D3-BF4B-00C04F79EFBC}") = "Tyuiu.GogolevVM.Sprint5.Task0.V0.Test", "Tyuiu.GogolevVM.Sprint5.Task0.V0.Test\Tyuiu.GogolevVM.Sprint5.Task0.V0.Test.csproj", "{263E1337-9709-468E-AFAB-B07DEDEE9914}"
EndProject
Project("{2150E333-8FDC-42A3-9474-1A3956D46DE8}") = "Test", "Test", "{82992053-6B8E-43A3-A5B4-6A1C685AFFB8}"
EndProject
Project("{FAE04EC0-301F-11D3-BF4B-00C04F79EFBC}") = "ConsoleApp1", "ConsoleApp1\ConsoleApp1.csproj", "{FFA5C622-0AF3-47EB-82DA-45EFDC5BC6A4}"
EndProject
Project("{2150E333-8FDC-42A3-9474-1A3956D46DE8}") = "Task0V20", "Task0V20", "{DC450BA1-3596-41DD-8D76-FD97F72B67C8}"
EndProject
Project("{FAE04EC0-301F-11D3-BF4B-00C04F79EFBC}") = "Tyuiu.GogolevVM.Sprint5.Task0.V20.Lib", "Tyuiu.GogolevVM.Sprint5.Task0.V20.Lib\Tyuiu.GogolevVM.Sprint5.Task0.V20.Lib.csproj", "{9DBB7AA1-C383-4AF5-8949-F6E3BBDD6B55}"
EndProject
Project("{FAE04EC0-301F-11D3-BF4B-00C04F79EFBC}") = "Tyuiu.GogolevVM.Sprint5.Task0.V20.Test", "Tyuiu.GogolevVM.Sprint5.Task0.V20.Test\Tyuiu.GogolevVM.Sprint5.Task0.V20.Test.csproj", "{9212CC3C-F361-4E60-AC54-EF7485DDEC79}"
EndProject
Project("{FAE04EC0-301F-11D3-BF4B-00C04F79EFBC}") = "Tyuiu.GogolevVM.Sprint5.Task0.V20", "Tyuiu.GogolevVM.Sprint5.Task0.V20\Tyuiu.GogolevVM.Sprint5.Task0.V20.csproj", "{9AB85611-D930-442A-938F-B75955727253}"
EndProject
Project("{2150E333-8FDC-42A3-9474-1A3956D46DE8}") = "Task1V0", "Task1V0", "{1FAA0795-60E1-4EF1-A159-2C7816E1FA62}"
EndProject
Project("{FAE04EC0-301F-11D3-BF4B-00C04F79EFBC}") = "Tyuiu.GogolevVM.Sprint5.Task1.V0", "Tyuiu.GogolevVM.Sprint5.Task1.V0\Tyuiu.GogolevVM.Sprint5.Task1.V0.csproj", "{20E6A88F-9E5C-47F2-ACD9-3D1B5185CD70}"
EndProject
Project("{FAE04EC0-301F-11D3-BF4B-00C04F79EFBC}") = "Tyuiu.GogolevVM.Sprint5.Task1.V0.Lib", "Tyuiu.GogolevVM.Sprint5.Task1.V0.Lib\Tyuiu.GogolevVM.Sprint5.Task1.V0.Lib.csproj", "{D8D58BB5-006F-4B47-BD5F-9227F6CC280D}"
EndProject
Project("{FAE04EC0-301F-11D3-BF4B-00C04F79EFBC}") = "Tyuiu.GogolevVM.Sprint5.Task1.V0.Test", "Tyuiu.GogolevVM.Sprint5.Task1.V0.Test\Tyuiu.GogolevVM.Sprint5.Task1.V0.Test.csproj", "{89C1CFA6-EF2E-4CC3-B05F-7F31A1356DAC}"
EndProject
Project("{2150E333-8FDC-42A3-9474-1A3956D46DE8}") = "Task1V26", "Task1V26", "{C0D2DD1D-F4EE-44D7-A562-7271D9D26D59}"
EndProject
Project("{FAE04EC0-301F-11D3-BF4B-00C04F79EFBC}") = "Tyuiu.GogolevVM.Sprint5.Task1.V26", "Tyuiu.GogolevVM.Sprint5.Task1.V26\Tyuiu.GogolevVM.Sprint5.Task1.V26.csproj", "{E8A58BDB-2846-41AC-9548-25C1D4F6AC84}"
EndProject
Project("{FAE04EC0-301F-11D3-BF4B-00C04F79EFBC}") = "Tyuiu.GogolevVM.Sprint5.Task1.V26.Lib", "Tyuiu.GogolevVM.Sprint5.Task1.V26.Lib\Tyuiu.GogolevVM.Sprint5.Task1.V26.Lib.csproj", "{5BB361F2-C6A7-462C-9BD7-0C4D9439F25A}"
EndProject
Project("{FAE04EC0-301F-11D3-BF4B-00C04F79EFBC}") = "Tyuiu.GogolevVM.Sprint5.Task1.V26.Test", "Tyuiu.GogolevVM.Sprint5.Task1.V26.Test\Tyuiu.GogolevVM.Sprint5.Task1.V26.Test.csproj", "{BD46BE21-FD5B-48F2-8B77-7B9D84FE8668}"
EndProject
Project("{2150E333-8FDC-42A3-9474-1A3956D46DE8}") = "Task2V0", "Task2V0", "{E95DA1BF-584D-4942-8626-09B3221571E0}"
EndProject
Project("{FAE04EC0-301F-11D3-BF4B-00C04F79EFBC}") = "Tyuiu.GogolevVM.Sprint5.Task2.V0", "Tyuiu.GogolevVM.Sprint5.Task2.V0\Tyuiu.GogolevVM.Sprint5.Task2.V0.csproj", "{4323793B-5FF2-4276-AFCD-B47CE3E1C22C}"
EndProject
Project("{FAE04EC0-301F-11D3-BF4B-00C04F79EFBC}") = "Tyuiu.GogolevVM.Sprint5.Task2.V0.Lib", "Tyuiu.GogolevVM.Sprint5.Task2.V0.Lib\Tyuiu.GogolevVM.Sprint5.Task2.V0.Lib.csproj", "{C8A5C60B-79A8-4424-B69F-8E7326A5E81A}"
EndProject
Project("{FAE04EC0-301F-11D3-BF4B-00C04F79EFBC}") = "Tyuiu.GogolevVM.Sprint5.Task2.V0.Test", "Tyuiu.GogolevVM.Sprint5.Task2.V0.Test\Tyuiu.GogolevVM.Sprint5.Task2.V0.Test.csproj", "{515F72EB-CC15-4004-BFFE-1E3FEFEFC3BA}"
EndProject
Project("{2150E333-8FDC-42A3-9474-1A3956D46DE8}") = "Task2V28", "Task2V28", "{30539FF2-93D1-4E86-BB34-86E5BE2B9BDB}"
EndProject
Project("{FAE04EC0-301F-11D3-BF4B-00C04F79EFBC}") = "Tyuiu.GogolevVM.Sprint5.Task2.V28", "Tyuiu.GogolevVM.Sprint5.Task2.V28\Tyuiu.GogolevVM.Sprint5.Task2.V28.csproj", "{49BBEC38-6113-4512-B3EF-29551035A78D}"
EndProject
Project("{FAE04EC0-301F-11D3-BF4B-00C04F79EFBC}") = "Tyuiu.GogolevVM.Sprint5.Task2.V28.Lib", "Tyuiu.GogolevVM.Sprint5.Task2.V28.Lib\Tyuiu.GogolevVM.Sprint5.Task2.V28.Lib.csproj", "{ADBC7AB9-A66B-410F-ABB4-C5AFFDCA1ABA}"
EndProject
Project("{FAE04EC0-301F-11D3-BF4B-00C04F79EFBC}") = "Tyuiu.GogolevVM.Sprint5.Task2.V28.Test", "Tyuiu.GogolevVM.Sprint5.Task2.V28.Test\Tyuiu.GogolevVM.Sprint5.Task2.V28.Test.csproj", "{89C92608-EE9A-4A57-BEB5-2CB8A626C236}"
EndProject
Global
	GlobalSection(SolutionConfigurationPlatforms) = preSolution
		Debug|Any CPU = Debug|Any CPU
		Release|Any CPU = Release|Any CPU
	EndGlobalSection
	GlobalSection(ProjectConfigurationPlatforms) = postSolution
		{391B56BA-4FFC-44C8-BA7F-9A198017B5D5}.Debug|Any CPU.ActiveCfg = Debug|Any CPU
		{391B56BA-4FFC-44C8-BA7F-9A198017B5D5}.Debug|Any CPU.Build.0 = Debug|Any CPU
		{391B56BA-4FFC-44C8-BA7F-9A198017B5D5}.Release|Any CPU.ActiveCfg = Release|Any CPU
		{391B56BA-4FFC-44C8-BA7F-9A198017B5D5}.Release|Any CPU.Build.0 = Release|Any CPU
		{8484C6E9-13F5-4604-9795-0233C56A6FEC}.Debug|Any CPU.ActiveCfg = Debug|Any CPU
		{8484C6E9-13F5-4604-9795-0233C56A6FEC}.Debug|Any CPU.Build.0 = Debug|Any CPU
		{8484C6E9-13F5-4604-9795-0233C56A6FEC}.Release|Any CPU.ActiveCfg = Release|Any CPU
		{8484C6E9-13F5-4604-9795-0233C56A6FEC}.Release|Any CPU.Build.0 = Release|Any CPU
		{263E1337-9709-468E-AFAB-B07DEDEE9914}.Debug|Any CPU.ActiveCfg = Debug|Any CPU
		{263E1337-9709-468E-AFAB-B07DEDEE9914}.Debug|Any CPU.Build.0 = Debug|Any CPU
		{263E1337-9709-468E-AFAB-B07DEDEE9914}.Release|Any CPU.ActiveCfg = Release|Any CPU
		{263E1337-9709-468E-AFAB-B07DEDEE9914}.Release|Any CPU.Build.0 = Release|Any CPU
		{FFA5C622-0AF3-47EB-82DA-45EFDC5BC6A4}.Debug|Any CPU.ActiveCfg = Debug|Any CPU
		{FFA5C622-0AF3-47EB-82DA-45EFDC5BC6A4}.Debug|Any CPU.Build.0 = Debug|Any CPU
		{FFA5C622-0AF3-47EB-82DA-45EFDC5BC6A4}.Release|Any CPU.ActiveCfg = Release|Any CPU
		{FFA5C622-0AF3-47EB-82DA-45EFDC5BC6A4}.Release|Any CPU.Build.0 = Release|Any CPU
		{9DBB7AA1-C383-4AF5-8949-F6E3BBDD6B55}.Debug|Any CPU.ActiveCfg = Debug|Any CPU
		{9DBB7AA1-C383-4AF5-8949-F6E3BBDD6B55}.Debug|Any CPU.Build.0 = Debug|Any CPU
		{9DBB7AA1-C383-4AF5-8949-F6E3BBDD6B55}.Release|Any CPU.ActiveCfg = Release|Any CPU
		{9DBB7AA1-C383-4AF5-8949-F6E3BBDD6B55}.Release|Any CPU.Build.0 = Release|Any CPU
		{9212CC3C-F361-4E60-AC54-EF7485DDEC79}.Debug|Any CPU.ActiveCfg = Debug|Any CPU
		{9212CC3C-F361-4E60-AC54-EF7485DDEC79}.Debug|Any CPU.Build.0 = Debug|Any CPU
		{9212CC3C-F361-4E60-AC54-EF7485DDEC79}.Release|Any CPU.ActiveCfg = Release|Any CPU
		{9212CC3C-F361-4E60-AC54-EF7485DDEC79}.Release|Any CPU.Build.0 = Release|Any CPU
		{9AB85611-D930-442A-938F-B75955727253}.Debug|Any CPU.ActiveCfg = Debug|Any CPU
		{9AB85611-D930-442A-938F-B75955727253}.Debug|Any CPU.Build.0 = Debug|Any CPU
		{9AB85611-D930-442A-938F-B75955727253}.Release|Any CPU.ActiveCfg = Release|Any CPU
		{9AB85611-D930-442A-938F-B75955727253}.Release|Any CPU.Build.0 = Release|Any CPU
		{20E6A88F-9E5C-47F2-ACD9-3D1B5185CD70}.Debug|Any CPU.ActiveCfg = Debug|Any CPU
		{20E6A88F-9E5C-47F2-ACD9-3D1B5185CD70}.Debug|Any CPU.Build.0 = Debug|Any CPU
		{20E6A88F-9E5C-47F2-ACD9-3D1B5185CD70}.Release|Any CPU.ActiveCfg = Release|Any CPU
		{20E6A88F-9E5C-47F2-ACD9-3D1B5185CD70}.Release|Any CPU.Build.0 = Release|Any CPU
		{D8D58BB5-006F-4B47-BD5F-9227F6CC280D}.Debug|Any CPU.ActiveCfg = Debug|Any CPU
		{D8D58BB5-006F-4B47-BD5F-9227F6CC280D}.Debug|Any CPU.Build.0 = Debug|Any CPU
		{D8D58BB5-006F-4B47-BD5F-9227F6CC280D}.Release|Any CPU.ActiveCfg = Release|Any CPU
		{D8D58BB5-006F-4B47-BD5F-9227F6CC280D}.Release|Any CPU.Build.0 = Release|Any CPU
		{89C1CFA6-EF2E-4CC3-B05F-7F31A1356DAC}.Debug|Any CPU.ActiveCfg = Debug|Any CPU
		{89C1CFA6-EF2E-4CC3-B05F-7F31A1356DAC}.Debug|Any CPU.Build.0 = Debug|Any CPU
		{89C1CFA6-EF2E-4CC3-B05F-7F31A1356DAC}.Release|Any CPU.ActiveCfg = Release|Any CPU
		{89C1CFA6-EF2E-4CC3-B05F-7F31A1356DAC}.Release|Any CPU.Build.0 = Release|Any CPU
		{E8A58BDB-2846-41AC-9548-25C1D4F6AC84}.Debug|Any CPU.ActiveCfg = Debug|Any CPU
		{E8A58BDB-2846-41AC-9548-25C1D4F6AC84}.Debug|Any CPU.Build.0 = Debug|Any CPU
		{E8A58BDB-2846-41AC-9548-25C1D4F6AC84}.Release|Any CPU.ActiveCfg = Release|Any CPU
		{E8A58BDB-2846-41AC-9548-25C1D4F6AC84}.Release|Any CPU.Build.0 = Release|Any CPU
		{5BB361F2-C6A7-462C-9BD7-0C4D9439F25A}.Debug|Any CPU.ActiveCfg = Debug|Any CPU
		{5BB361F2-C6A7-462C-9BD7-0C4D9439F25A}.Debug|Any CPU.Build.0 = Debug|Any CPU
		{5BB361F2-C6A7-462C-9BD7-0C4D9439F25A}.Release|Any CPU.ActiveCfg = Release|Any CPU
		{5BB361F2-C6A7-462C-9BD7-0C4D9439F25A}.Release|Any CPU.Build.0 = Release|Any CPU
		{BD46BE21-FD5B-48F2-8B77-7B9D84FE8668}.Debug|Any CPU.ActiveCfg = Debug|Any CPU
		{BD46BE21-FD5B-48F2-8B77-7B9D84FE8668}.Debug|Any CPU.Build.0 = Debug|Any CPU
		{BD46BE21-FD5B-48F2-8B77-7B9D84FE8668}.Release|Any CPU.ActiveCfg = Release|Any CPU
		{BD46BE21-FD5B-48F2-8B77-7B9D84FE8668}.Release|Any CPU.Build.0 = Release|Any CPU
		{4323793B-5FF2-4276-AFCD-B47CE3E1C22C}.Debug|Any CPU.ActiveCfg = Debug|Any CPU
		{4323793B-5FF2-4276-AFCD-B47CE3E1C22C}.Debug|Any CPU.Build.0 = Debug|Any CPU
		{4323793B-5FF2-4276-AFCD-B47CE3E1C22C}.Release|Any CPU.ActiveCfg = Release|Any CPU
		{4323793B-5FF2-4276-AFCD-B47CE3E1C22C}.Release|Any CPU.Build.0 = Release|Any CPU
		{C8A5C60B-79A8-4424-B69F-8E7326A5E81A}.Debug|Any CPU.ActiveCfg = Debug|Any CPU
		{C8A5C60B-79A8-4424-B69F-8E7326A5E81A}.Debug|Any CPU.Build.0 = Debug|Any CPU
		{C8A5C60B-79A8-4424-B69F-8E7326A5E81A}.Release|Any CPU.ActiveCfg = Release|Any CPU
		{C8A5C60B-79A8-4424-B69F-8E7326A5E81A}.Release|Any CPU.Build.0 = Release|Any CPU
		{515F72EB-CC15-4004-BFFE-1E3FEFEFC3BA}.Debug|Any CPU.ActiveCfg = Debug|Any CPU
		{515F72EB-CC15-4004-BFFE-1E3FEFEFC3BA}.Debug|Any CPU.Build.0 = Debug|Any CPU
		{515F72EB-CC15-4004-BFFE-1E3FEFEFC3BA}.Release|Any CPU.ActiveCfg = Release|Any CPU
		{515F72EB-CC15-4004-BFFE-1E3FEFEFC3BA}.Release|Any CPU.Build.0 = Release|Any CPU
		{49BBEC38-6113-4512-B3EF-29551035A78D}.Debug|Any CPU.ActiveCfg = Debug|Any CPU
		{49BBEC38-6113-4512-B3EF-29551035A78D}.Debug|Any CPU.Build.0 = Debug|Any CPU
		{49BBEC38-6113-4512-B3EF-29551035A78D}.Release|Any CPU.ActiveCfg = Release|Any CPU
		{49BBEC38-6113-4512-B3EF-29551035A78D}.Release|Any CPU.Build.0 = Release|Any CPU
		{ADBC7AB9-A66B-410F-ABB4-C5AFFDCA1ABA}.Debug|Any CPU.ActiveCfg = Debug|Any CPU
		{ADBC7AB9-A66B-410F-ABB4-C5AFFDCA1ABA}.Debug|Any CPU.Build.0 = Debug|Any CPU
		{ADBC7AB9-A66B-410F-ABB4-C5AFFDCA1ABA}.Release|Any CPU.ActiveCfg = Release|Any CPU
		{ADBC7AB9-A66B-410F-ABB4-C5AFFDCA1ABA}.Release|Any CPU.Build.0 = Release|Any CPU
		{89C92608-EE9A-4A57-BEB5-2CB8A626C236}.Debug|Any CPU.ActiveCfg = Debug|Any CPU
		{89C92608-EE9A-4A57-BEB5-2CB8A626C236}.Debug|Any CPU.Build.0 = Debug|Any CPU
		{89C92608-EE9A-4A57-BEB5-2CB8A626C236}.Release|Any CPU.ActiveCfg = Release|Any CPU
		{89C92608-EE9A-4A57-BEB5-2CB8A626C236}.Release|Any CPU.Build.0 = Release|Any CPU
	EndGlobalSection
	GlobalSection(SolutionProperties) = preSolution
		HideSolutionNode = FALSE
	EndGlobalSection
	GlobalSection(NestedProjects) = preSolution
		{391B56BA-4FFC-44C8-BA7F-9A198017B5D5} = {02EA681E-C7D8-13C7-8484-4AC65E1B71E8}
		{8484C6E9-13F5-4604-9795-0233C56A6FEC} = {02EA681E-C7D8-13C7-8484-4AC65E1B71E8}
		{263E1337-9709-468E-AFAB-B07DEDEE9914} = {02EA681E-C7D8-13C7-8484-4AC65E1B71E8}
		{FFA5C622-0AF3-47EB-82DA-45EFDC5BC6A4} = {82992053-6B8E-43A3-A5B4-6A1C685AFFB8}
		{9DBB7AA1-C383-4AF5-8949-F6E3BBDD6B55} = {DC450BA1-3596-41DD-8D76-FD97F72B67C8}
		{9212CC3C-F361-4E60-AC54-EF7485DDEC79} = {DC450BA1-3596-41DD-8D76-FD97F72B67C8}
		{9AB85611-D930-442A-938F-B75955727253} = {DC450BA1-3596-41DD-8D76-FD97F72B67C8}
		{20E6A88F-9E5C-47F2-ACD9-3D1B5185CD70} = {1FAA0795-60E1-4EF1-A159-2C7816E1FA62}
		{D8D58BB5-006F-4B47-BD5F-9227F6CC280D} = {1FAA0795-60E1-4EF1-A159-2C7816E1FA62}
		{89C1CFA6-EF2E-4CC3-B05F-7F31A1356DAC} = {1FAA0795-60E1-4EF1-A159-2C7816E1FA62}
		{E8A58BDB-2846-41AC-9548-25C1D4F6AC84} = {C0D2DD1D-F4EE-44D7-A562-7271D9D26D59}
		{5BB361F2-C6A7-462C-9BD7-0C4D9439F25A} = {C0D2DD1D-F4EE-44D7-A562-7271D9D26D59}
		{BD46BE21-FD5B-48F2-8B77-7B9D84FE8668} = {C0D2DD1D-F4EE-44D7-A562-7271D9D26D59}
		{4323793B-5FF2-4276-AFCD-B47CE3E1C22C} = {E95DA1BF-584D-4942-8626-09B3221571E0}
		{C8A5C60B-79A8-4424-B69F-8E7326A5E81A} = {E95DA1BF-584D-4942-8626-09B3221571E0}
		{515F72EB-CC15-4004-BFFE-1E3FEFEFC3BA} = {E95DA1BF-584D-4942-8626-09B3221571E0}
		{49BBEC38-6113-4512-B3EF-29551035A78D} = {30539FF2-93D1-4E86-BB34-86E5BE2B9BDB}
		{ADBC7AB9-A66B-410F-ABB4-C5AFFDCA1ABA} = {30539FF2-93D1-4E86-BB34-86E5BE2B9BDB}
		{89C92608-EE9A-4A57-BEB5-2CB8A626C236} = {30539FF2-93D1-4E86-BB34-86E5BE2B9BDB}
	EndGlobalSection
	GlobalSection(ExtensibilityGlobals) = postSolution
		SolutionGuid = {E42270D0-0F74-4D66-9C59-686945827DB4}
	EndGlobalSection
EndGlobal
