
Microsoft Visual Studio Solution File, Format Version 12.00
# Visual Studio Version 17
VisualStudioVersion = 17.14.36414.22
MinimumVisualStudioVersion = 10.0.40219.1
Project("{2150E333-8FDC-42A3-9474-1A3956D46DE8}") = "Task0V0", "Task0V0", "{02EA681E-C7D8-13C7-8484-4AC65E1B71E8}"
EndProject
Project("{FAE04EC0-301F-11D3-BF4B-00C04F79EFBC}") = "Tyuiu.GogolevVM.Sprint5.Task0.V0", "Tyuiu.GogolevVM.Sprint5.Task0.V0\Tyuiu.GogolevVM.Sprint5.Task0.V0.csproj", "{391B56BA-4FFC-44C8-BA7F-9A198017B5D5}"
EndProject
Project("{FAE04EC0-301F-11D3-BF4B-00C04F79EFBC}") = "Tyuiu.GogolevVM.Sprint5.Task0.V0.Lib", "Tyuiu.GogolevVM.Sprint5.Task0.V0.Lib\Tyuiu.GogolevVM.Sprint5.Task0.V0.Lib.csproj", "{8484C6E9-13F5-4604-9795-0233C56A6FEC}"
EndProject
Project("{FAE04EC0-301F-11D3-BF4B-00C04F79EFBC}") = "Tyuiu.GogolevVM.Sprint5.Task0.V0.Test", "Tyuiu.GogolevVM.Sprint5.Task0.V0.Test\Tyuiu.GogolevVM.Sprint5.Task0.V0.Test.csproj", "{263E1337-9709-468E-AFAB-B07DEDEE9914}"
EndProject
Project("{2150E333-8FDC-42A3-9474-1A3956D46DE8}") = "Test", "Test", "{82992053-6B8E-43A3-A5B4-6A1C685AFFB8}"
EndProject
Project("{FAE04EC0-301F-11D3-BF4B-00C04F79EFBC}") = "ConsoleApp1", "ConsoleApp1\ConsoleApp1.csproj", "{FFA5C622-0AF3-47EB-82DA-45EFDC5BC6A4}"
EndProject
Project("{2150E333-8FDC-42A3-9474-1A3956D46DE8}") = "Task0V20", "Task0V20", "{DC450BA1-3596-41DD-8D76-FD97F72B67C8}"
EndProject
Project("{FAE04EC0-301F-11D3-BF4B-00C04F79EFBC}") = "Tyuiu.GogolevVM.Sprint5.Task0.V20.Lib", "Tyuiu.GogolevVM.Sprint5.Task0.V20.Lib\Tyuiu.GogolevVM.Sprint5.Task0.V20.Lib.csproj", "{9DBB7AA1-C383-4AF5-8949-F6E3BBDD6B55}"
EndProject
Project("{FAE04EC0-301F-11D3-BF4B-00C04F79EFBC}") = "Tyuiu.GogolevVM.Sprint5.Task0.V20.Test", "Tyuiu.GogolevVM.Sprint5.Task0.V20.Test\Tyuiu.GogolevVM.Sprint5.Task0.V20.Test.csproj", "{9212CC3C-F361-4E60-AC54-EF7485DDEC79}"
EndProject
Project("{FAE04EC0-301F-11D3-BF4B-00C04F79EFBC}") = "Tyuiu.GogolevVM.Sprint5.Task0.V20", "Tyuiu.GogolevVM.Sprint5.Task0.V20\Tyuiu.GogolevVM.Sprint5.Task0.V20.csproj", "{9AB85611-D930-442A-938F-B75955727253}"
EndProject
Project("{2150E333-8FDC-42A3-9474-1A3956D46DE8}") = "Task1V0", "Task1V0", "{1FAA0795-60E1-4EF1-A159-2C7816E1FA62}"
EndProject
Project("{FAE04EC0-301F-11D3-BF4B-00C04F79EFBC}") = "Tyuiu.GogolevVM.Sprint5.Task1.V0", "Tyuiu.GogolevVM.Sprint5.Task1.V0\Tyuiu.GogolevVM.Sprint5.Task1.V0.csproj", "{20E6A88F-9E5C-47F2-ACD9-3D1B5185CD70}"
EndProject
Project("{FAE04EC0-301F-11D3-BF4B-00C04F79EFBC}") = "Tyuiu.GogolevVM.Sprint5.Task1.V0.Lib", "Tyuiu.GogolevVM.Sprint5.Task1.V0.Lib\Tyuiu.GogolevVM.Sprint5.Task1.V0.Lib.csproj", "{D8D58BB5-006F-4B47-BD5F-9227F6CC280D}"
EndProject
Project("{FAE04EC0-301F-11D3-BF4B-00C04F79EFBC}") = "Tyuiu.GogolevVM.Sprint5.Task1.V0.Test", "Tyuiu.GogolevVM.Sprint5.Task1.V0.Test\Tyuiu.GogolevVM.Sprint5.Task1.V0.Test.csproj", "{89C1CFA6-EF2E-4CC3-B05F-7F31A1356DAC}"
EndProject
Project("{2150E333-8FDC-42A3-9474-1A3956D46DE8}") = "Task1V26", "Task1V26", "{C0D2DD1D-F4EE-44D7-A562-7271D9D26D59}"
EndProject
Project("{FAE04EC0-301F-11D3-BF4B-00C04F79EFBC}") = "Tyuiu.GogolevVM.Sprint5.Task1.V26", "Tyuiu.GogolevVM.Sprint5.Task1.V26\Tyuiu.GogolevVM.Sprint5.Task1.V26.csproj", "{E8A58BDB-2846-41AC-9548-25C1D4F6AC84}"
EndProject
Project("{FAE04EC0-301F-11D3-BF4B-00C04F79EFBC}") = "Tyuiu.GogolevVM.Sprint5.Task1.V26.Lib", "Tyuiu.GogolevVM.Sprint5.Task1.V26.Lib\Tyuiu.GogolevVM.Sprint5.Task1.V26.Lib.csproj", "{5BB361F2-C6A7-462C-9BD7-0C4D9439F25A}"
EndProject
Project("{FAE04EC0-301F-11D3-BF4B-00C04F79EFBC}") = "Tyuiu.GogolevVM.Sprint5.Task1.V26.Test", "Tyuiu.GogolevVM.Sprint5.Task1.V26.Test\Tyuiu.GogolevVM.Sprint5.Task1.V26.Test.csproj", "{BD46BE21-FD5B-48F2-8B77-7B9D84FE8668}"
EndProject
Project("{2150E333-8FDC-42A3-9474-1A3956D46DE8}") = "Task2V0", "Task2V0", "{E95DA1BF-584D-4942-8626-09B3221571E0}"
EndProject
Project("{FAE04EC0-301F-11D3-BF4B-00C04F79EFBC}") = "Tyuiu.GogolevVM.Sprint5.Task2.V0", "Tyuiu.GogolevVM.Sprint5.Task2.V0\Tyuiu.GogolevVM.Sprint5.Task2.V0.csproj", "{4323793B-5FF2-4276-AFCD-B47CE3E1C22C}"
EndProject
Project("{FAE04EC0-301F-11D3-BF4B-00C04F79EFBC}") = "Tyuiu.GogolevVM.Sprint5.Task2.V0.Lib", "Tyuiu.GogolevVM.Sprint5.Task2.V0.Lib\Tyuiu.GogolevVM.Sprint5.Task2.V0.Lib.csproj", "{C8A5C60B-79A8-4424-B69F-8E7326A5E81A}"
EndProject
Project("{FAE04EC0-301F-11D3-BF4B-00C04F79EFBC}") = "Tyuiu.GogolevVM.Sprint5.Task2.V0.Test", "Tyuiu.GogolevVM.Sprint5.Task2.V0.Test\Tyuiu.GogolevVM.Sprint5.Task2.V0.Test.csproj", "{515F72EB-CC15-4004-BFFE-1E3FEFEFC3BA}"
EndProject
Project("{2150E333-8FDC-42A3-9474-1A3956D46DE8}") = "Task2V28", "Task2V28", "{30539FF2-93D1-4E86-BB34-86E5BE2B9BDB}"
EndProject
Project("{FAE04EC0-301F-11D3-BF4B-00C04F79EFBC}") = "Tyuiu.GogolevVM.Sprint5.Task2.V28", "Tyuiu.GogolevVM.Sprint5.Task2.V28\Tyuiu.GogolevVM.Sprint5.Task2.V28.csproj", "{49BBEC38-6113-4512-B3EF-29551035A78D}"
EndProject
Project("{FAE04EC0-301F-11D3-BF4B-00C04F79EFBC}") = "Tyuiu.GogolevVM.Sprint5.Task2.V28.Lib", "Tyuiu.GogolevVM.Sprint5.Task2.V28.Lib\Tyuiu.GogolevVM.Sprint5.Task2.V28.Lib.csproj", "{ADBC7AB9-A66B-410F-ABB4-C5AFFDCA1ABA}"
EndProject
Project("{FAE04EC0-301F-11D3-BF4B-00C04F79EFBC}") = "Tyuiu.GogolevVM.Sprint5.Task2.V28.Test", "Tyuiu.GogolevVM.Sprint5.Task2.V28.Test\Tyuiu.GogolevVM.Sprint5.Task2.V28.Test.csproj", "{89C92608-EE9A-4A57-BEB5-2CB8A626C236}"
EndProject
Project("{2150E333-8FDC-42A3-9474-1A3956D46DE8}") = "Task3V0", "Task3V0", "{4CD0F7EE-738D-4894-AE37-582E1CA951B1}"
EndProject
Project("{FAE04EC0-301F-11D3-BF4B-00C04F79EFBC}") = "Tyuiu.GogolevVM.Sprint5.Task3.V0", "Tyuiu.GogolevVM.Sprint5.Task3.V0\Tyuiu.GogolevVM.Sprint5.Task3.V0.csproj", "{04D6D8D8-48D3-43DB-AD17-AB2364E4C5E1}"
EndProject
Project("{FAE04EC0-301F-11D3-BF4B-00C04F79EFBC}") = "Tyuiu.GogolevVM.Sprint5.Task3.V0.Lib", "Tyuiu.GogolevVM.Sprint5.Task3.V0.Lib\Tyuiu.GogolevVM.Sprint5.Task3.V0.Lib.csproj", "{C4F902E6-6699-4F9C-8583-3F961D598A16}"
EndProject
Project("{FAE04EC0-301F-11D3-BF4B-00C04F79EFBC}") = "Tyuiu.GogolevVM.Sprint5.Task3.V0.Test", "Tyuiu.GogolevVM.Sprint5.Task3.V0.Test\Tyuiu.GogolevVM.Sprint5.Task3.V0.Test.csproj", "{6CD0974E-261B-42A4-B5E9-C3F1648A6090}"
EndProject
Project("{2150E333-8FDC-42A3-9474-1A3956D46DE8}") = "Task3V18", "Task3V18", "{3605D751-7608-4FDD-9A3F-836930E0A4EA}"
EndProject
Project("{FAE04EC0-301F-11D3-BF4B-00C04F79EFBC}") = "Tyuiu.GogolevVM.Sprint5.Task3.V18", "Tyuiu.GogolevVM.Sprint5.Task3.V18\Tyuiu.GogolevVM.Sprint5.Task3.V18.csproj", "{58D97C56-D4A9-406F-B44C-59F2FB73D9E4}"
EndProject
Project("{FAE04EC0-301F-11D3-BF4B-00C04F79EFBC}") = "Tyuiu.GogolevVM.Sprint5.Task3.V18.Lib", "Tyuiu.GogolevVM.Sprint5.Task3.V18.Lib\Tyuiu.GogolevVM.Sprint5.Task3.V18.Lib.csproj", "{41847DA0-0649-44B0-A4C7-C46407FEFBEF}"
EndProject
Project("{FAE04EC0-301F-11D3-BF4B-00C04F79EFBC}") = "Tyuiu.GogolevVM.Sprint5.Task3.V18.Test", "Tyuiu.GogolevVM.Sprint5.Task3.V18.Test\Tyuiu.GogolevVM.Sprint5.Task3.V18.Test.csproj", "{725EE0C2-D2C0-408F-A497-3DE3F0BC0429}"
EndProject
Project("{2150E333-8FDC-42A3-9474-1A3956D46DE8}") = "Task4V0", "Task4V0", "{66B88F4A-55E6-49D4-9D3D-EA01C4B281F8}"
EndProject
Project("{FAE04EC0-301F-11D3-BF4B-00C04F79EFBC}") = "Tyuiu.GogolevVM.Sprint5.Task4.V0", "Tyuiu.GogolevVM.Sprint5.Task4.V0\Tyuiu.GogolevVM.Sprint5.Task4.V0.csproj", "{9FCEC699-0001-4374-8960-0D000C1D853F}"
EndProject
Project("{FAE04EC0-301F-11D3-BF4B-00C04F79EFBC}") = "Tyuiu.GogolevVM.Sprint5.Task4.V0.Lib", "Tyuiu.GogolevVM.Sprint5.Task4.V0.Lib\Tyuiu.GogolevVM.Sprint5.Task4.V0.Lib.csproj", "{DE9C09EC-1928-419E-8426-A95D125CBFC8}"
EndProject
Project("{FAE04EC0-301F-11D3-BF4B-00C04F79EFBC}") = "Tyuiu.GogolevVM.Sprint5.Task4.V0.Test", "Tyuiu.GogolevVM.Sprint5.Task4.V0.Test\Tyuiu.GogolevVM.Sprint5.Task4.V0.Test.csproj", "{DB0F5F70-2535-494C-BE73-07F86F69B06D}"
EndProject
Project("{2150E333-8FDC-42A3-9474-1A3956D46DE8}") = "Task4V20", "Task4V20", "{9798C444-69CD-479B-9B4B-7E49AB1B97CB}"
EndProject
Project("{FAE04EC0-301F-11D3-BF4B-00C04F79EFBC}") = "Tyuiu.GogolevVM.Sprint5.Task4.V20", "Tyuiu.GogolevVM.Sprint5.Task4.V20\Tyuiu.GogolevVM.Sprint5.Task4.V20.csproj", "{43360E8B-18C6-4E6B-9C33-BECC848BFBF6}"
EndProject
Project("{FAE04EC0-301F-11D3-BF4B-00C04F79EFBC}") = "Tyuiu.GogolevVM.Sprint5.Task4.V20.Lib", "Tyuiu.GogolevVM.Sprint5.Task4.V20.Lib\Tyuiu.GogolevVM.Sprint5.Task4.V20.Lib.csproj", "{23DDDA09-648C-4EE6-A5A3-E48ABCEAF0DC}"
EndProject
Project("{FAE04EC0-301F-11D3-BF4B-00C04F79EFBC}") = "Tyuiu.GogolevVM.Sprint5.Task4.V20.Test", "Tyuiu.GogolevVM.Sprint5.Task4.V20.Test\Tyuiu.GogolevVM.Sprint5.Task4.V20.Test.csproj", "{08186DB7-FE72-4D29-8F31-AB2E7D54DE16}"
EndProject
Project("{2150E333-8FDC-42A3-9474-1A3956D46DE8}") = "Task5V0", "Task5V0", "{2C1BC5A6-9ABA-4D64-80F5-C27B0FC12A7E}"
EndProject
Project("{FAE04EC0-301F-11D3-BF4B-00C04F79EFBC}") = "Tyuiu.GogolevVM.Sprint5.Task5.V0", "Tyuiu.GogolevVM.Sprint5.Task5.V0\Tyuiu.GogolevVM.Sprint5.Task5.V0.csproj", "{E30B926F-511B-439D-9E55-24FDCD1315F0}"
EndProject
Project("{FAE04EC0-301F-11D3-BF4B-00C04F79EFBC}") = "Tyuiu.GogolevVM.Sprint5.Task5.V0.Lib", "Tyuiu.GogolevVM.Sprint5.Task5.V0.Lib\Tyuiu.GogolevVM.Sprint5.Task5.V0.Lib.csproj", "{A13A30E4-E72C-402B-A1D4-B98272D3CDB9}"
EndProject
Project("{FAE04EC0-301F-11D3-BF4B-00C04F79EFBC}") = "Tyuiu.GogolevVM.Sprint5.Task5.V0.Test", "Tyuiu.GogolevVM.Sprint5.Task5.V0.Test\Tyuiu.GogolevVM.Sprint5.Task5.V0.Test.csproj", "{4EA0C900-BBA1-424F-A704-3D8190109576}"
EndProject
Project("{2150E333-8FDC-42A3-9474-1A3956D46DE8}") = "Task5V20", "Task5V20", "{EEA255E6-D2AC-4970-BFC7-7615CEA30251}"
EndProject
Project("{FAE04EC0-301F-11D3-BF4B-00C04F79EFBC}") = "Tyuiu.GogolevVM.Sprint5.Task5.V20", "Tyuiu.GogolevVM.Sprint5.Task5.V20\Tyuiu.GogolevVM.Sprint5.Task5.V20.csproj", "{56CD2552-F8A2-41A6-9DEC-F1479D998A80}"
EndProject
Project("{FAE04EC0-301F-11D3-BF4B-00C04F79EFBC}") = "Tyuiu.GogolevVM.Sprint5.Task5.V20.Lib", "Tyuiu.GogolevVM.Sprint5.Task5.V20.Lib\Tyuiu.GogolevVM.Sprint5.Task5.V20.Lib.csproj", "{DB06DF67-A2FD-4BD3-B10C-554077367CF5}"
EndProject
Project("{FAE04EC0-301F-11D3-BF4B-00C04F79EFBC}") = "Tyuiu.GogolevVM.Sprint5.Task5.V20.Test", "Tyuiu.GogolevVM.Sprint5.Task5.V20.Test\Tyuiu.GogolevVM.Sprint5.Task5.V20.Test.csproj", "{1736721A-3CE6-4947-A74F-C34D44DE8B9A}"
EndProject
Project("{2150E333-8FDC-42A3-9474-1A3956D46DE8}") = "Task6V0", "Task6V0", "{6A8FFF9B-7292-4CA5-8EF5-5D93CBD9C954}"
EndProject
Project("{FAE04EC0-301F-11D3-BF4B-00C04F79EFBC}") = "Tyuiu.GogolevVM.Sprint5.Task6.V0", "Tyuiu.GogolevVM.Sprint5.Task6.V0\Tyuiu.GogolevVM.Sprint5.Task6.V0.csproj", "{FABC5454-1C6B-4FDF-AC18-EE971EE8BB18}"
EndProject
Project("{FAE04EC0-301F-11D3-BF4B-00C04F79EFBC}") = "Tyuiu.GogolevVM.Sprint5.Task6.V0.Lib", "Tyuiu.GogolevVM.Sprint5.Task6.V0.Lib\Tyuiu.GogolevVM.Sprint5.Task6.V0.Lib.csproj", "{1A3C1FD5-17F9-409C-83E2-F7E9C8DA1919}"
EndProject
Project("{FAE04EC0-301F-11D3-BF4B-00C04F79EFBC}") = "Tyuiu.GogolevVM.Sprint5.Task6.V0.Test", "Tyuiu.GogolevVM.Sprint5.Task6.V0.Test\Tyuiu.GogolevVM.Sprint5.Task6.V0.Test.csproj", "{CE2323E0-3826-4483-AE8F-9A9BD94F8215}"
EndProject
Project("{2150E333-8FDC-42A3-9474-1A3956D46DE8}") = "Task6V19", "Task6V19", "{85FFB3AA-5982-4BED-B412-3FFB80E60B76}"
EndProject
Project("{FAE04EC0-301F-11D3-BF4B-00C04F79EFBC}") = "Tyuiu.GogolevVM.Sprint5.Task6.V19", "Tyuiu.GogolevVM.Sprint5.Task6.V19\Tyuiu.GogolevVM.Sprint5.Task6.V19.csproj", "{F29F4989-9B06-48F4-9642-740DFA56ECF1}"
EndProject
Project("{FAE04EC0-301F-11D3-BF4B-00C04F79EFBC}") = "Tyuiu.GogolevVM.Sprint5.Task6.V19.Lib", "Tyuiu.GogolevVM.Sprint5.Task6.V19.Lib\Tyuiu.GogolevVM.Sprint5.Task6.V19.Lib.csproj", "{A5E4FC89-0146-412C-AF4D-AB7C211FFA2E}"
EndProject
Project("{FAE04EC0-301F-11D3-BF4B-00C04F79EFBC}") = "Tyuiu.GogolevVM.Sprint5.Task6.V19.Test", "Tyuiu.GogolevVM.Sprint5.Task6.V19.Test\Tyuiu.GogolevVM.Sprint5.Task6.V19.Test.csproj", "{79AEF87F-243D-4713-A241-B7CD25BCFFC9}"
EndProject
Project("{2150E333-8FDC-42A3-9474-1A3956D46DE8}") = "Task7V0", "Task7V0", "{FF070C8B-3883-493D-8B4E-88F1FCED6747}"
EndProject
Project("{FAE04EC0-301F-11D3-BF4B-00C04F79EFBC}") = "Tyuiu.GogolevVM.Sprint5.Task7.V0", "Tyuiu.GogolevVM.Sprint5.Task7.V0\Tyuiu.GogolevVM.Sprint5.Task7.V0.csproj", "{51D4D2E6-1CF3-42E0-BC53-A82FE4FE0719}"
EndProject
Project("{FAE04EC0-301F-11D3-BF4B-00C04F79EFBC}") = "Tyuiu.GogolevVM.Sprint5.Task7.V0.Lib", "Tyuiu.GogolevVM.Sprint5.Task7.V0.Lib\Tyuiu.GogolevVM.Sprint5.Task7.V0.Lib.csproj", "{F66CAC4C-DD11-4753-9CFE-AA253C69BEC8}"
EndProject
Project("{FAE04EC0-301F-11D3-BF4B-00C04F79EFBC}") = "Tyuiu.GogolevVM.Sprint5.Task7.V0.Test", "Tyuiu.GogolevVM.Sprint5.Task7.V0.Test\Tyuiu.GogolevVM.Sprint5.Task7.V0.Test.csproj", "{2857638A-9E23-4738-AF64-866567093FB8}"
EndProject
Project("{2150E333-8FDC-42A3-9474-1A3956D46DE8}") = "Task7V27", "Task7V27", "{5AABF851-EDB1-4145-9472-1AF1E4008A3A}"
EndProject
Project("{FAE04EC0-301F-11D3-BF4B-00C04F79EFBC}") = "Tyuiu.GogolevVM.Sprint5.Task7.V27", "Tyuiu.GogolevVM.Sprint5.Task7.V27\Tyuiu.GogolevVM.Sprint5.Task7.V27.csproj", "{E3369105-7BFB-40A3-B24B-441873F353F6}"
EndProject
Project("{FAE04EC0-301F-11D3-BF4B-00C04F79EFBC}") = "Tyuiu.GogolevVM.Sprint5.Task7.V27.Lib", "Tyuiu.GogolevVM.Sprint5.Task7.V27.Lib\Tyuiu.GogolevVM.Sprint5.Task7.V27.Lib.csproj", "{007605E4-017B-441C-AF88-9ABEFDE398D0}"
EndProject
Project("{FAE04EC0-301F-11D3-BF4B-00C04F79EFBC}") = "Tyuiu.GogolevVM.Sprint5.Task7.V27.Test", "Tyuiu.GogolevVM.Sprint5.Task7.V27.Test\Tyuiu.GogolevVM.Sprint5.Task7.V27.Test.csproj", "{C550E7B8-C232-4FAA-9C86-B0AB21A9D31E}"
EndProject
Global
	GlobalSection(SolutionConfigurationPlatforms) = preSolution
		Debug|Any CPU = Debug|Any CPU
		Release|Any CPU = Release|Any CPU
	EndGlobalSection
	GlobalSection(ProjectConfigurationPlatforms) = postSolution
		{391B56BA-4FFC-44C8-BA7F-9A198017B5D5}.Debug|Any CPU.ActiveCfg = Debug|Any CPU
		{391B56BA-4FFC-44C8-BA7F-9A198017B5D5}.Debug|Any CPU.Build.0 = Debug|Any CPU
		{391B56BA-4FFC-44C8-BA7F-9A198017B5D5}.Release|Any CPU.ActiveCfg = Release|Any CPU
		{391B56BA-4FFC-44C8-BA7F-9A198017B5D5}.Release|Any CPU.Build.0 = Release|Any CPU
		{8484C6E9-13F5-4604-9795-0233C56A6FEC}.Debug|Any CPU.ActiveCfg = Debug|Any CPU
		{8484C6E9-13F5-4604-9795-0233C56A6FEC}.Debug|Any CPU.Build.0 = Debug|Any CPU
		{8484C6E9-13F5-4604-9795-0233C56A6FEC}.Release|Any CPU.ActiveCfg = Release|Any CPU
		{8484C6E9-13F5-4604-9795-0233C56A6FEC}.Release|Any CPU.Build.0 = Release|Any CPU
		{263E1337-9709-468E-AFAB-B07DEDEE9914}.Debug|Any CPU.ActiveCfg = Debug|Any CPU
		{263E1337-9709-468E-AFAB-B07DEDEE9914}.Debug|Any CPU.Build.0 = Debug|Any CPU
		{263E1337-9709-468E-AFAB-B07DEDEE9914}.Release|Any CPU.ActiveCfg = Release|Any CPU
		{263E1337-9709-468E-AFAB-B07DEDEE9914}.Release|Any CPU.Build.0 = Release|Any CPU
		{FFA5C622-0AF3-47EB-82DA-45EFDC5BC6A4}.Debug|Any CPU.ActiveCfg = Debug|Any CPU
		{FFA5C622-0AF3-47EB-82DA-45EFDC5BC6A4}.Debug|Any CPU.Build.0 = Debug|Any CPU
		{FFA5C622-0AF3-47EB-82DA-45EFDC5BC6A4}.Release|Any CPU.ActiveCfg = Release|Any CPU
		{FFA5C622-0AF3-47EB-82DA-45EFDC5BC6A4}.Release|Any CPU.Build.0 = Release|Any CPU
		{9DBB7AA1-C383-4AF5-8949-F6E3BBDD6B55}.Debug|Any CPU.ActiveCfg = Debug|Any CPU
		{9DBB7AA1-C383-4AF5-8949-F6E3BBDD6B55}.Debug|Any CPU.Build.0 = Debug|Any CPU
		{9DBB7AA1-C383-4AF5-8949-F6E3BBDD6B55}.Release|Any CPU.ActiveCfg = Release|Any CPU
		{9DBB7AA1-C383-4AF5-8949-F6E3BBDD6B55}.Release|Any CPU.Build.0 = Release|Any CPU
		{9212CC3C-F361-4E60-AC54-EF7485DDEC79}.Debug|Any CPU.ActiveCfg = Debug|Any CPU
		{9212CC3C-F361-4E60-AC54-EF7485DDEC79}.Debug|Any CPU.Build.0 = Debug|Any CPU
		{9212CC3C-F361-4E60-AC54-EF7485DDEC79}.Release|Any CPU.ActiveCfg = Release|Any CPU
		{9212CC3C-F361-4E60-AC54-EF7485DDEC79}.Release|Any CPU.Build.0 = Release|Any CPU
		{9AB85611-D930-442A-938F-B75955727253}.Debug|Any CPU.ActiveCfg = Debug|Any CPU
		{9AB85611-D930-442A-938F-B75955727253}.Debug|Any CPU.Build.0 = Debug|Any CPU
		{9AB85611-D930-442A-938F-B75955727253}.Release|Any CPU.ActiveCfg = Release|Any CPU
		{9AB85611-D930-442A-938F-B75955727253}.Release|Any CPU.Build.0 = Release|Any CPU
		{20E6A88F-9E5C-47F2-ACD9-3D1B5185CD70}.Debug|Any CPU.ActiveCfg = Debug|Any CPU
		{20E6A88F-9E5C-47F2-ACD9-3D1B5185CD70}.Debug|Any CPU.Build.0 = Debug|Any CPU
		{20E6A88F-9E5C-47F2-ACD9-3D1B5185CD70}.Release|Any CPU.ActiveCfg = Release|Any CPU
		{20E6A88F-9E5C-47F2-ACD9-3D1B5185CD70}.Release|Any CPU.Build.0 = Release|Any CPU
		{D8D58BB5-006F-4B47-BD5F-9227F6CC280D}.Debug|Any CPU.ActiveCfg = Debug|Any CPU
		{D8D58BB5-006F-4B47-BD5F-9227F6CC280D}.Debug|Any CPU.Build.0 = Debug|Any CPU
		{D8D58BB5-006F-4B47-BD5F-9227F6CC280D}.Release|Any CPU.ActiveCfg = Release|Any CPU
		{D8D58BB5-006F-4B47-BD5F-9227F6CC280D}.Release|Any CPU.Build.0 = Release|Any CPU
		{89C1CFA6-EF2E-4CC3-B05F-7F31A1356DAC}.Debug|Any CPU.ActiveCfg = Debug|Any CPU
		{89C1CFA6-EF2E-4CC3-B05F-7F31A1356DAC}.Debug|Any CPU.Build.0 = Debug|Any CPU
		{89C1CFA6-EF2E-4CC3-B05F-7F31A1356DAC}.Release|Any CPU.ActiveCfg = Release|Any CPU
		{89C1CFA6-EF2E-4CC3-B05F-7F31A1356DAC}.Release|Any CPU.Build.0 = Release|Any CPU
		{E8A58BDB-2846-41AC-9548-25C1D4F6AC84}.Debug|Any CPU.ActiveCfg = Debug|Any CPU
		{E8A58BDB-2846-41AC-9548-25C1D4F6AC84}.Debug|Any CPU.Build.0 = Debug|Any CPU
		{E8A58BDB-2846-41AC-9548-25C1D4F6AC84}.Release|Any CPU.ActiveCfg = Release|Any CPU
		{E8A58BDB-2846-41AC-9548-25C1D4F6AC84}.Release|Any CPU.Build.0 = Release|Any CPU
		{5BB361F2-C6A7-462C-9BD7-0C4D9439F25A}.Debug|Any CPU.ActiveCfg = Debug|Any CPU
		{5BB361F2-C6A7-462C-9BD7-0C4D9439F25A}.Debug|Any CPU.Build.0 = Debug|Any CPU
		{5BB361F2-C6A7-462C-9BD7-0C4D9439F25A}.Release|Any CPU.ActiveCfg = Release|Any CPU
		{5BB361F2-C6A7-462C-9BD7-0C4D9439F25A}.Release|Any CPU.Build.0 = Release|Any CPU
		{BD46BE21-FD5B-48F2-8B77-7B9D84FE8668}.Debug|Any CPU.ActiveCfg = Debug|Any CPU
		{BD46BE21-FD5B-48F2-8B77-7B9D84FE8668}.Debug|Any CPU.Build.0 = Debug|Any CPU
		{BD46BE21-FD5B-48F2-8B77-7B9D84FE8668}.Release|Any CPU.ActiveCfg = Release|Any CPU
		{BD46BE21-FD5B-48F2-8B77-7B9D84FE8668}.Release|Any CPU.Build.0 = Release|Any CPU
		{4323793B-5FF2-4276-AFCD-B47CE3E1C22C}.Debug|Any CPU.ActiveCfg = Debug|Any CPU
		{4323793B-5FF2-4276-AFCD-B47CE3E1C22C}.Debug|Any CPU.Build.0 = Debug|Any CPU
		{4323793B-5FF2-4276-AFCD-B47CE3E1C22C}.Release|Any CPU.ActiveCfg = Release|Any CPU
		{4323793B-5FF2-4276-AFCD-B47CE3E1C22C}.Release|Any CPU.Build.0 = Release|Any CPU
		{C8A5C60B-79A8-4424-B69F-8E7326A5E81A}.Debug|Any CPU.ActiveCfg = Debug|Any CPU
		{C8A5C60B-79A8-4424-B69F-8E7326A5E81A}.Debug|Any CPU.Build.0 = Debug|Any CPU
		{C8A5C60B-79A8-4424-B69F-8E7326A5E81A}.Release|Any CPU.ActiveCfg = Release|Any CPU
		{C8A5C60B-79A8-4424-B69F-8E7326A5E81A}.Release|Any CPU.Build.0 = Release|Any CPU
		{515F72EB-CC15-4004-BFFE-1E3FEFEFC3BA}.Debug|Any CPU.ActiveCfg = Debug|Any CPU
		{515F72EB-CC15-4004-BFFE-1E3FEFEFC3BA}.Debug|Any CPU.Build.0 = Debug|Any CPU
		{515F72EB-CC15-4004-BFFE-1E3FEFEFC3BA}.Release|Any CPU.ActiveCfg = Release|Any CPU
		{515F72EB-CC15-4004-BFFE-1E3FEFEFC3BA}.Release|Any CPU.Build.0 = Release|Any CPU
		{49BBEC38-6113-4512-B3EF-29551035A78D}.Debug|Any CPU.ActiveCfg = Debug|Any CPU
		{49BBEC38-6113-4512-B3EF-29551035A78D}.Debug|Any CPU.Build.0 = Debug|Any CPU
		{49BBEC38-6113-4512-B3EF-29551035A78D}.Release|Any CPU.ActiveCfg = Release|Any CPU
		{49BBEC38-6113-4512-B3EF-29551035A78D}.Release|Any CPU.Build.0 = Release|Any CPU
		{ADBC7AB9-A66B-410F-ABB4-C5AFFDCA1ABA}.Debug|Any CPU.ActiveCfg = Debug|Any CPU
		{ADBC7AB9-A66B-410F-ABB4-C5AFFDCA1ABA}.Debug|Any CPU.Build.0 = Debug|Any CPU
		{ADBC7AB9-A66B-410F-ABB4-C5AFFDCA1ABA}.Release|Any CPU.ActiveCfg = Release|Any CPU
		{ADBC7AB9-A66B-410F-ABB4-C5AFFDCA1ABA}.Release|Any CPU.Build.0 = Release|Any CPU
		{89C92608-EE9A-4A57-BEB5-2CB8A626C236}.Debug|Any CPU.ActiveCfg = Debug|Any CPU
		{89C92608-EE9A-4A57-BEB5-2CB8A626C236}.Debug|Any CPU.Build.0 = Debug|Any CPU
		{89C92608-EE9A-4A57-BEB5-2CB8A626C236}.Release|Any CPU.ActiveCfg = Release|Any CPU
		{89C92608-EE9A-4A57-BEB5-2CB8A626C236}.Release|Any CPU.Build.0 = Release|Any CPU
		{04D6D8D8-48D3-43DB-AD17-AB2364E4C5E1}.Debug|Any CPU.ActiveCfg = Debug|Any CPU
		{04D6D8D8-48D3-43DB-AD17-AB2364E4C5E1}.Debug|Any CPU.Build.0 = Debug|Any CPU
		{04D6D8D8-48D3-43DB-AD17-AB2364E4C5E1}.Release|Any CPU.ActiveCfg = Release|Any CPU
		{04D6D8D8-48D3-43DB-AD17-AB2364E4C5E1}.Release|Any CPU.Build.0 = Release|Any CPU
		{C4F902E6-6699-4F9C-8583-3F961D598A16}.Debug|Any CPU.ActiveCfg = Debug|Any CPU
		{C4F902E6-6699-4F9C-8583-3F961D598A16}.Debug|Any CPU.Build.0 = Debug|Any CPU
		{C4F902E6-6699-4F9C-8583-3F961D598A16}.Release|Any CPU.ActiveCfg = Release|Any CPU
		{C4F902E6-6699-4F9C-8583-3F961D598A16}.Release|Any CPU.Build.0 = Release|Any CPU
		{6CD0974E-261B-42A4-B5E9-C3F1648A6090}.Debug|Any CPU.ActiveCfg = Debug|Any CPU
		{6CD0974E-261B-42A4-B5E9-C3F1648A6090}.Debug|Any CPU.Build.0 = Debug|Any CPU
		{6CD0974E-261B-42A4-B5E9-C3F1648A6090}.Release|Any CPU.ActiveCfg = Release|Any CPU
		{6CD0974E-261B-42A4-B5E9-C3F1648A6090}.Release|Any CPU.Build.0 = Release|Any CPU
		{58D97C56-D4A9-406F-B44C-59F2FB73D9E4}.Debug|Any CPU.ActiveCfg = Debug|Any CPU
		{58D97C56-D4A9-406F-B44C-59F2FB73D9E4}.Debug|Any CPU.Build.0 = Debug|Any CPU
		{58D97C56-D4A9-406F-B44C-59F2FB73D9E4}.Release|Any CPU.ActiveCfg = Release|Any CPU
		{58D97C56-D4A9-406F-B44C-59F2FB73D9E4}.Release|Any CPU.Build.0 = Release|Any CPU
		{41847DA0-0649-44B0-A4C7-C46407FEFBEF}.Debug|Any CPU.ActiveCfg = Debug|Any CPU
		{41847DA0-0649-44B0-A4C7-C46407FEFBEF}.Debug|Any CPU.Build.0 = Debug|Any CPU
		{41847DA0-0649-44B0-A4C7-C46407FEFBEF}.Release|Any CPU.ActiveCfg = Release|Any CPU
		{41847DA0-0649-44B0-A4C7-C46407FEFBEF}.Release|Any CPU.Build.0 = Release|Any CPU
		{725EE0C2-D2C0-408F-A497-3DE3F0BC0429}.Debug|Any CPU.ActiveCfg = Debug|Any CPU
		{725EE0C2-D2C0-408F-A497-3DE3F0BC0429}.Debug|Any CPU.Build.0 = Debug|Any CPU
		{725EE0C2-D2C0-408F-A497-3DE3F0BC0429}.Release|Any CPU.ActiveCfg = Release|Any CPU
		{725EE0C2-D2C0-408F-A497-3DE3F0BC0429}.Release|Any CPU.Build.0 = Release|Any CPU
		{9FCEC699-0001-4374-8960-0D000C1D853F}.Debug|Any CPU.ActiveCfg = Debug|Any CPU
		{9FCEC699-0001-4374-8960-0D000C1D853F}.Debug|Any CPU.Build.0 = Debug|Any CPU
		{9FCEC699-0001-4374-8960-0D000C1D853F}.Release|Any CPU.ActiveCfg = Release|Any CPU
		{9FCEC699-0001-4374-8960-0D000C1D853F}.Release|Any CPU.Build.0 = Release|Any CPU
		{DE9C09EC-1928-419E-8426-A95D125CBFC8}.Debug|Any CPU.ActiveCfg = Debug|Any CPU
		{DE9C09EC-1928-419E-8426-A95D125CBFC8}.Debug|Any CPU.Build.0 = Debug|Any CPU
		{DE9C09EC-1928-419E-8426-A95D125CBFC8}.Release|Any CPU.ActiveCfg = Release|Any CPU
		{DE9C09EC-1928-419E-8426-A95D125CBFC8}.Release|Any CPU.Build.0 = Release|Any CPU
		{DB0F5F70-2535-494C-BE73-07F86F69B06D}.Debug|Any CPU.ActiveCfg = Debug|Any CPU
		{DB0F5F70-2535-494C-BE73-07F86F69B06D}.Debug|Any CPU.Build.0 = Debug|Any CPU
		{DB0F5F70-2535-494C-BE73-07F86F69B06D}.Release|Any CPU.ActiveCfg = Release|Any CPU
		{DB0F5F70-2535-494C-BE73-07F86F69B06D}.Release|Any CPU.Build.0 = Release|Any CPU
		{43360E8B-18C6-4E6B-9C33-BECC848BFBF6}.Debug|Any CPU.ActiveCfg = Debug|Any CPU
		{43360E8B-18C6-4E6B-9C33-BECC848BFBF6}.Debug|Any CPU.Build.0 = Debug|Any CPU
		{43360E8B-18C6-4E6B-9C33-BECC848BFBF6}.Release|Any CPU.ActiveCfg = Release|Any CPU
		{43360E8B-18C6-4E6B-9C33-BECC848BFBF6}.Release|Any CPU.Build.0 = Release|Any CPU
		{23DDDA09-648C-4EE6-A5A3-E48ABCEAF0DC}.Debug|Any CPU.ActiveCfg = Debug|Any CPU
		{23DDDA09-648C-4EE6-A5A3-E48ABCEAF0DC}.Debug|Any CPU.Build.0 = Debug|Any CPU
		{23DDDA09-648C-4EE6-A5A3-E48ABCEAF0DC}.Release|Any CPU.ActiveCfg = Release|Any CPU
		{23DDDA09-648C-4EE6-A5A3-E48ABCEAF0DC}.Release|Any CPU.Build.0 = Release|Any CPU
		{08186DB7-FE72-4D29-8F31-AB2E7D54DE16}.Debug|Any CPU.ActiveCfg = Debug|Any CPU
		{08186DB7-FE72-4D29-8F31-AB2E7D54DE16}.Debug|Any CPU.Build.0 = Debug|Any CPU
		{08186DB7-FE72-4D29-8F31-AB2E7D54DE16}.Release|Any CPU.ActiveCfg = Release|Any CPU
		{08186DB7-FE72-4D29-8F31-AB2E7D54DE16}.Release|Any CPU.Build.0 = Release|Any CPU
		{E30B926F-511B-439D-9E55-24FDCD1315F0}.Debug|Any CPU.ActiveCfg = Debug|Any CPU
		{E30B926F-511B-439D-9E55-24FDCD1315F0}.Debug|Any CPU.Build.0 = Debug|Any CPU
		{E30B926F-511B-439D-9E55-24FDCD1315F0}.Release|Any CPU.ActiveCfg = Release|Any CPU
		{E30B926F-511B-439D-9E55-24FDCD1315F0}.Release|Any CPU.Build.0 = Release|Any CPU
		{A13A30E4-E72C-402B-A1D4-B98272D3CDB9}.Debug|Any CPU.ActiveCfg = Debug|Any CPU
		{A13A30E4-E72C-402B-A1D4-B98272D3CDB9}.Debug|Any CPU.Build.0 = Debug|Any CPU
		{A13A30E4-E72C-402B-A1D4-B98272D3CDB9}.Release|Any CPU.ActiveCfg = Release|Any CPU
		{A13A30E4-E72C-402B-A1D4-B98272D3CDB9}.Release|Any CPU.Build.0 = Release|Any CPU
		{4EA0C900-BBA1-424F-A704-3D8190109576}.Debug|Any CPU.ActiveCfg = Debug|Any CPU
		{4EA0C900-BBA1-424F-A704-3D8190109576}.Debug|Any CPU.Build.0 = Debug|Any CPU
		{4EA0C900-BBA1-424F-A704-3D8190109576}.Release|Any CPU.ActiveCfg = Release|Any CPU
		{4EA0C900-BBA1-424F-A704-3D8190109576}.Release|Any CPU.Build.0 = Release|Any CPU
		{56CD2552-F8A2-41A6-9DEC-F1479D998A80}.Debug|Any CPU.ActiveCfg = Debug|Any CPU
		{56CD2552-F8A2-41A6-9DEC-F1479D998A80}.Debug|Any CPU.Build.0 = Debug|Any CPU
		{56CD2552-F8A2-41A6-9DEC-F1479D998A80}.Release|Any CPU.ActiveCfg = Release|Any CPU
		{56CD2552-F8A2-41A6-9DEC-F1479D998A80}.Release|Any CPU.Build.0 = Release|Any CPU
		{DB06DF67-A2FD-4BD3-B10C-554077367CF5}.Debug|Any CPU.ActiveCfg = Debug|Any CPU
		{DB06DF67-A2FD-4BD3-B10C-554077367CF5}.Debug|Any CPU.Build.0 = Debug|Any CPU
		{DB06DF67-A2FD-4BD3-B10C-554077367CF5}.Release|Any CPU.ActiveCfg = Release|Any CPU
		{DB06DF67-A2FD-4BD3-B10C-554077367CF5}.Release|Any CPU.Build.0 = Release|Any CPU
		{1736721A-3CE6-4947-A74F-C34D44DE8B9A}.Debug|Any CPU.ActiveCfg = Debug|Any CPU
		{1736721A-3CE6-4947-A74F-C34D44DE8B9A}.Debug|Any CPU.Build.0 = Debug|Any CPU
		{1736721A-3CE6-4947-A74F-C34D44DE8B9A}.Release|Any CPU.ActiveCfg = Release|Any CPU
		{1736721A-3CE6-4947-A74F-C34D44DE8B9A}.Release|Any CPU.Build.0 = Release|Any CPU
		{FABC5454-1C6B-4FDF-AC18-EE971EE8BB18}.Debug|Any CPU.ActiveCfg = Debug|Any CPU
		{FABC5454-1C6B-4FDF-AC18-EE971EE8BB18}.Debug|Any CPU.Build.0 = Debug|Any CPU
		{FABC5454-1C6B-4FDF-AC18-EE971EE8BB18}.Release|Any CPU.ActiveCfg = Release|Any CPU
		{FABC5454-1C6B-4FDF-AC18-EE971EE8BB18}.Release|Any CPU.Build.0 = Release|Any CPU
		{1A3C1FD5-17F9-409C-83E2-F7E9C8DA1919}.Debug|Any CPU.ActiveCfg = Debug|Any CPU
		{1A3C1FD5-17F9-409C-83E2-F7E9C8DA1919}.Debug|Any CPU.Build.0 = Debug|Any CPU
		{1A3C1FD5-17F9-409C-83E2-F7E9C8DA1919}.Release|Any CPU.ActiveCfg = Release|Any CPU
		{1A3C1FD5-17F9-409C-83E2-F7E9C8DA1919}.Release|Any CPU.Build.0 = Release|Any CPU
		{CE2323E0-3826-4483-AE8F-9A9BD94F8215}.Debug|Any CPU.ActiveCfg = Debug|Any CPU
		{CE2323E0-3826-4483-AE8F-9A9BD94F8215}.Debug|Any CPU.Build.0 = Debug|Any CPU
		{CE2323E0-3826-4483-AE8F-9A9BD94F8215}.Release|Any CPU.ActiveCfg = Release|Any CPU
		{CE2323E0-3826-4483-AE8F-9A9BD94F8215}.Release|Any CPU.Build.0 = Release|Any CPU
		{F29F4989-9B06-48F4-9642-740DFA56ECF1}.Debug|Any CPU.ActiveCfg = Debug|Any CPU
		{F29F4989-9B06-48F4-9642-740DFA56ECF1}.Debug|Any CPU.Build.0 = Debug|Any CPU
		{F29F4989-9B06-48F4-9642-740DFA56ECF1}.Release|Any CPU.ActiveCfg = Release|Any CPU
		{F29F4989-9B06-48F4-9642-740DFA56ECF1}.Release|Any CPU.Build.0 = Release|Any CPU
		{A5E4FC89-0146-412C-AF4D-AB7C211FFA2E}.Debug|Any CPU.ActiveCfg = Debug|Any CPU
		{A5E4FC89-0146-412C-AF4D-AB7C211FFA2E}.Debug|Any CPU.Build.0 = Debug|Any CPU
		{A5E4FC89-0146-412C-AF4D-AB7C211FFA2E}.Release|Any CPU.ActiveCfg = Release|Any CPU
		{A5E4FC89-0146-412C-AF4D-AB7C211FFA2E}.Release|Any CPU.Build.0 = Release|Any CPU
		{79AEF87F-243D-4713-A241-B7CD25BCFFC9}.Debug|Any CPU.ActiveCfg = Debug|Any CPU
		{79AEF87F-243D-4713-A241-B7CD25BCFFC9}.Debug|Any CPU.Build.0 = Debug|Any CPU
		{79AEF87F-243D-4713-A241-B7CD25BCFFC9}.Release|Any CPU.ActiveCfg = Release|Any CPU
		{79AEF87F-243D-4713-A241-B7CD25BCFFC9}.Release|Any CPU.Build.0 = Release|Any CPU
		{51D4D2E6-1CF3-42E0-BC53-A82FE4FE0719}.Debug|Any CPU.ActiveCfg = Debug|Any CPU
		{51D4D2E6-1CF3-42E0-BC53-A82FE4FE0719}.Debug|Any CPU.Build.0 = Debug|Any CPU
		{51D4D2E6-1CF3-42E0-BC53-A82FE4FE0719}.Release|Any CPU.ActiveCfg = Release|Any CPU
		{51D4D2E6-1CF3-42E0-BC53-A82FE4FE0719}.Release|Any CPU.Build.0 = Release|Any CPU
		{F66CAC4C-DD11-4753-9CFE-AA253C69BEC8}.Debug|Any CPU.ActiveCfg = Debug|Any CPU
		{F66CAC4C-DD11-4753-9CFE-AA253C69BEC8}.Debug|Any CPU.Build.0 = Debug|Any CPU
		{F66CAC4C-DD11-4753-9CFE-AA253C69BEC8}.Release|Any CPU.ActiveCfg = Release|Any CPU
		{F66CAC4C-DD11-4753-9CFE-AA253C69BEC8}.Release|Any CPU.Build.0 = Release|Any CPU
		{2857638A-9E23-4738-AF64-866567093FB8}.Debug|Any CPU.ActiveCfg = Debug|Any CPU
		{2857638A-9E23-4738-AF64-866567093FB8}.Debug|Any CPU.Build.0 = Debug|Any CPU
		{2857638A-9E23-4738-AF64-866567093FB8}.Release|Any CPU.ActiveCfg = Release|Any CPU
		{2857638A-9E23-4738-AF64-866567093FB8}.Release|Any CPU.Build.0 = Release|Any CPU
		{E3369105-7BFB-40A3-B24B-441873F353F6}.Debug|Any CPU.ActiveCfg = Debug|Any CPU
		{E3369105-7BFB-40A3-B24B-441873F353F6}.Debug|Any CPU.Build.0 = Debug|Any CPU
		{E3369105-7BFB-40A3-B24B-441873F353F6}.Release|Any CPU.ActiveCfg = Release|Any CPU
		{E3369105-7BFB-40A3-B24B-441873F353F6}.Release|Any CPU.Build.0 = Release|Any CPU
		{007605E4-017B-441C-AF88-9ABEFDE398D0}.Debug|Any CPU.ActiveCfg = Debug|Any CPU
		{007605E4-017B-441C-AF88-9ABEFDE398D0}.Debug|Any CPU.Build.0 = Debug|Any CPU
		{007605E4-017B-441C-AF88-9ABEFDE398D0}.Release|Any CPU.ActiveCfg = Release|Any CPU
		{007605E4-017B-441C-AF88-9ABEFDE398D0}.Release|Any CPU.Build.0 = Release|Any CPU
		{C550E7B8-C232-4FAA-9C86-B0AB21A9D31E}.Debug|Any CPU.ActiveCfg = Debug|Any CPU
		{C550E7B8-C232-4FAA-9C86-B0AB21A9D31E}.Debug|Any CPU.Build.0 = Debug|Any CPU
		{C550E7B8-C232-4FAA-9C86-B0AB21A9D31E}.Release|Any CPU.ActiveCfg = Release|Any CPU
		{C550E7B8-C232-4FAA-9C86-B0AB21A9D31E}.Release|Any CPU.Build.0 = Release|Any CPU
	EndGlobalSection
	GlobalSection(SolutionProperties) = preSolution
		HideSolutionNode = FALSE
	EndGlobalSection
	GlobalSection(NestedProjects) = preSolution
		{391B56BA-4FFC-44C8-BA7F-9A198017B5D5} = {02EA681E-C7D8-13C7-8484-4AC65E1B71E8}
		{8484C6E9-13F5-4604-9795-0233C56A6FEC} = {02EA681E-C7D8-13C7-8484-4AC65E1B71E8}
		{263E1337-9709-468E-AFAB-B07DEDEE9914} = {02EA681E-C7D8-13C7-8484-4AC65E1B71E8}
		{FFA5C622-0AF3-47EB-82DA-45EFDC5BC6A4} = {82992053-6B8E-43A3-A5B4-6A1C685AFFB8}
		{9DBB7AA1-C383-4AF5-8949-F6E3BBDD6B55} = {DC450BA1-3596-41DD-8D76-FD97F72B67C8}
		{9212CC3C-F361-4E60-AC54-EF7485DDEC79} = {DC450BA1-3596-41DD-8D76-FD97F72B67C8}
		{9AB85611-D930-442A-938F-B75955727253} = {DC450BA1-3596-41DD-8D76-FD97F72B67C8}
		{20E6A88F-9E5C-47F2-ACD9-3D1B5185CD70} = {1FAA0795-60E1-4EF1-A159-2C7816E1FA62}
		{D8D58BB5-006F-4B47-BD5F-9227F6CC280D} = {1FAA0795-60E1-4EF1-A159-2C7816E1FA62}
		{89C1CFA6-EF2E-4CC3-B05F-7F31A1356DAC} = {1FAA0795-60E1-4EF1-A159-2C7816E1FA62}
		{E8A58BDB-2846-41AC-9548-25C1D4F6AC84} = {C0D2DD1D-F4EE-44D7-A562-7271D9D26D59}
		{5BB361F2-C6A7-462C-9BD7-0C4D9439F25A} = {C0D2DD1D-F4EE-44D7-A562-7271D9D26D59}
		{BD46BE21-FD5B-48F2-8B77-7B9D84FE8668} = {C0D2DD1D-F4EE-44D7-A562-7271D9D26D59}
		{4323793B-5FF2-4276-AFCD-B47CE3E1C22C} = {E95DA1BF-584D-4942-8626-09B3221571E0}
		{C8A5C60B-79A8-4424-B69F-8E7326A5E81A} = {E95DA1BF-584D-4942-8626-09B3221571E0}
		{515F72EB-CC15-4004-BFFE-1E3FEFEFC3BA} = {E95DA1BF-584D-4942-8626-09B3221571E0}
		{49BBEC38-6113-4512-B3EF-29551035A78D} = {30539FF2-93D1-4E86-BB34-86E5BE2B9BDB}
		{ADBC7AB9-A66B-410F-ABB4-C5AFFDCA1ABA} = {30539FF2-93D1-4E86-BB34-86E5BE2B9BDB}
		{89C92608-EE9A-4A57-BEB5-2CB8A626C236} = {30539FF2-93D1-4E86-BB34-86E5BE2B9BDB}
		{04D6D8D8-48D3-43DB-AD17-AB2364E4C5E1} = {4CD0F7EE-738D-4894-AE37-582E1CA951B1}
		{C4F902E6-6699-4F9C-8583-3F961D598A16} = {4CD0F7EE-738D-4894-AE37-582E1CA951B1}
		{6CD0974E-261B-42A4-B5E9-C3F1648A6090} = {4CD0F7EE-738D-4894-AE37-582E1CA951B1}
		{58D97C56-D4A9-406F-B44C-59F2FB73D9E4} = {3605D751-7608-4FDD-9A3F-836930E0A4EA}
		{41847DA0-0649-44B0-A4C7-C46407FEFBEF} = {3605D751-7608-4FDD-9A3F-836930E0A4EA}
		{725EE0C2-D2C0-408F-A497-3DE3F0BC0429} = {3605D751-7608-4FDD-9A3F-836930E0A4EA}
		{9FCEC699-0001-4374-8960-0D000C1D853F} = {66B88F4A-55E6-49D4-9D3D-EA01C4B281F8}
		{DE9C09EC-1928-419E-8426-A95D125CBFC8} = {66B88F4A-55E6-49D4-9D3D-EA01C4B281F8}
		{DB0F5F70-2535-494C-BE73-07F86F69B06D} = {66B88F4A-55E6-49D4-9D3D-EA01C4B281F8}
		{43360E8B-18C6-4E6B-9C33-BECC848BFBF6} = {9798C444-69CD-479B-9B4B-7E49AB1B97CB}
		{23DDDA09-648C-4EE6-A5A3-E48ABCEAF0DC} = {9798C444-69CD-479B-9B4B-7E49AB1B97CB}
		{08186DB7-FE72-4D29-8F31-AB2E7D54DE16} = {9798C444-69CD-479B-9B4B-7E49AB1B97CB}
		{E30B926F-511B-439D-9E55-24FDCD1315F0} = {2C1BC5A6-9ABA-4D64-80F5-C27B0FC12A7E}
		{A13A30E4-E72C-402B-A1D4-B98272D3CDB9} = {2C1BC5A6-9ABA-4D64-80F5-C27B0FC12A7E}
		{4EA0C900-BBA1-424F-A704-3D8190109576} = {2C1BC5A6-9ABA-4D64-80F5-C27B0FC12A7E}
		{56CD2552-F8A2-41A6-9DEC-F1479D998A80} = {EEA255E6-D2AC-4970-BFC7-7615CEA30251}
		{DB06DF67-A2FD-4BD3-B10C-554077367CF5} = {EEA255E6-D2AC-4970-BFC7-7615CEA30251}
		{1736721A-3CE6-4947-A74F-C34D44DE8B9A} = {EEA255E6-D2AC-4970-BFC7-7615CEA30251}
		{FABC5454-1C6B-4FDF-AC18-EE971EE8BB18} = {6A8FFF9B-7292-4CA5-8EF5-5D93CBD9C954}
		{1A3C1FD5-17F9-409C-83E2-F7E9C8DA1919} = {6A8FFF9B-7292-4CA5-8EF5-5D93CBD9C954}
		{CE2323E0-3826-4483-AE8F-9A9BD94F8215} = {6A8FFF9B-7292-4CA5-8EF5-5D93CBD9C954}
		{F29F4989-9B06-48F4-9642-740DFA56ECF1} = {85FFB3AA-5982-4BED-B412-3FFB80E60B76}
		{A5E4FC89-0146-412C-AF4D-AB7C211FFA2E} = {85FFB3AA-5982-4BED-B412-3FFB80E60B76}
		{79AEF87F-243D-4713-A241-B7CD25BCFFC9} = {85FFB3AA-5982-4BED-B412-3FFB80E60B76}
		{51D4D2E6-1CF3-42E0-BC53-A82FE4FE0719} = {FF070C8B-3883-493D-8B4E-88F1FCED6747}
		{F66CAC4C-DD11-4753-9CFE-AA253C69BEC8} = {FF070C8B-3883-493D-8B4E-88F1FCED6747}
		{2857638A-9E23-4738-AF64-866567093FB8} = {FF070C8B-3883-493D-8B4E-88F1FCED6747}
		{E3369105-7BFB-40A3-B24B-441873F353F6} = {5AABF851-EDB1-4145-9472-1AF1E4008A3A}
		{007605E4-017B-441C-AF88-9ABEFDE398D0} = {5AABF851-EDB1-4145-9472-1AF1E4008A3A}
		{C550E7B8-C232-4FAA-9C86-B0AB21A9D31E} = {5AABF851-EDB1-4145-9472-1AF1E4008A3A}
	EndGlobalSection
	GlobalSection(ExtensibilityGlobals) = postSolution
		SolutionGuid = {E42270D0-0F74-4D66-9C59-686945827DB4}
	EndGlobalSection
EndGlobal
